// !$*UTF8*$!
{
	archiveVersion = 1;
	classes = {
	};
	objectVersion = 56;
	objects = {

/* Begin PBXBuildFile section */
		C227B1E82AB2825600F6A967 /* FlashCard+CoreDataClass.swift in Sources */ = {isa = PBXBuildFile; fileRef = C227B1E62AB2825600F6A967 /* FlashCard+CoreDataClass.swift */; };
		C227B1E92AB2825600F6A967 /* FlashCard+CoreDataProperties.swift in Sources */ = {isa = PBXBuildFile; fileRef = C227B1E72AB2825600F6A967 /* FlashCard+CoreDataProperties.swift */; };
		C243AD972ABA60A8008D695D /* CardCategory+CoreDataProperties.swift in Sources */ = {isa = PBXBuildFile; fileRef = C243AD962ABA60A8008D695D /* CardCategory+CoreDataProperties.swift */; };
		C243AD992ABA7F44008D695D /* SpeechToText.swift in Sources */ = {isa = PBXBuildFile; fileRef = C243AD982ABA7F44008D695D /* SpeechToText.swift */; };
		C25907DC2A9283960034CD22 /* AceItApp.swift in Sources */ = {isa = PBXBuildFile; fileRef = C25907DB2A9283960034CD22 /* AceItApp.swift */; };
		C25907DE2A9283960034CD22 /* Persistence.swift in Sources */ = {isa = PBXBuildFile; fileRef = C25907DD2A9283960034CD22 /* Persistence.swift */; };
		C25907E12A9283960034CD22 /* AceIt.xcdatamodeld in Sources */ = {isa = PBXBuildFile; fileRef = C25907DF2A9283960034CD22 /* AceIt.xcdatamodeld */; };
		C25907E32A9283960034CD22 /* ContentView.swift in Sources */ = {isa = PBXBuildFile; fileRef = C25907E22A9283960034CD22 /* ContentView.swift */; };
		C25907E52A9283980034CD22 /* Assets.xcassets in Resources */ = {isa = PBXBuildFile; fileRef = C25907E42A9283980034CD22 /* Assets.xcassets */; };
		C25907E92A9283980034CD22 /* Preview Assets.xcassets in Resources */ = {isa = PBXBuildFile; fileRef = C25907E82A9283980034CD22 /* Preview Assets.xcassets */; };
		C25907F02A9284080034CD22 /* CustomDataTypes.swift in Sources */ = {isa = PBXBuildFile; fileRef = C25907EF2A9284080034CD22 /* CustomDataTypes.swift */; };
		C25907F32A928CA70034CD22 /* OpenAI.swift in Sources */ = {isa = PBXBuildFile; fileRef = C25907F22A928CA70034CD22 /* OpenAI.swift */; };
		C2E08FA32AB28DEE0014AE7C /* AppState.swift in Sources */ = {isa = PBXBuildFile; fileRef = C2E08FA22AB28DEE0014AE7C /* AppState.swift */; };
		C2E08FA52AB28E6D0014AE7C /* MainMenu.swift in Sources */ = {isa = PBXBuildFile; fileRef = C2E08FA42AB28E6D0014AE7C /* MainMenu.swift */; };
		C2E08FA72AB28FFF0014AE7C /* MyStacks.swift in Sources */ = {isa = PBXBuildFile; fileRef = C2E08FA62AB28FFF0014AE7C /* MyStacks.swift */; };
		C2E08FAC2AB292B00014AE7C /* AutoGenStack.swift in Sources */ = {isa = PBXBuildFile; fileRef = C2E08FAB2AB292B00014AE7C /* AutoGenStack.swift */; };
		C2E08FB12AB3D58E0014AE7C /* FlashCardListView.swift in Sources */ = {isa = PBXBuildFile; fileRef = C2E08FB02AB3D58E0014AE7C /* FlashCardListView.swift */; };
		C2E08FB42AB3DAB70014AE7C /* AlertViewMod.swift in Sources */ = {isa = PBXBuildFile; fileRef = C2E08FB32AB3DAB70014AE7C /* AlertViewMod.swift */; };
		C2E6D7AD2ABBD0B000508726 /* CreateCard.swift in Sources */ = {isa = PBXBuildFile; fileRef = C2E6D7AC2ABBD0B000508726 /* CreateCard.swift */; };
/* End PBXBuildFile section */

/* Begin PBXFileReference section */
		C227B1E62AB2825600F6A967 /* FlashCard+CoreDataClass.swift */ = {isa = PBXFileReference; lastKnownFileType = sourcecode.swift; path = "FlashCard+CoreDataClass.swift"; sourceTree = "<group>"; };
		C227B1E72AB2825600F6A967 /* FlashCard+CoreDataProperties.swift */ = {isa = PBXFileReference; lastKnownFileType = sourcecode.swift; path = "FlashCard+CoreDataProperties.swift"; sourceTree = "<group>"; };
		C243AD962ABA60A8008D695D /* CardCategory+CoreDataProperties.swift */ = {isa = PBXFileReference; lastKnownFileType = sourcecode.swift; path = "CardCategory+CoreDataProperties.swift"; sourceTree = "<group>"; };
		C243AD982ABA7F44008D695D /* SpeechToText.swift */ = {isa = PBXFileReference; lastKnownFileType = sourcecode.swift; path = SpeechToText.swift; sourceTree = "<group>"; };
		C25907D82A9283960034CD22 /* AceIt.app */ = {isa = PBXFileReference; explicitFileType = wrapper.application; includeInIndex = 0; path = AceIt.app; sourceTree = BUILT_PRODUCTS_DIR; };
		C25907DB2A9283960034CD22 /* AceItApp.swift */ = {isa = PBXFileReference; lastKnownFileType = sourcecode.swift; path = AceItApp.swift; sourceTree = "<group>"; };
		C25907DD2A9283960034CD22 /* Persistence.swift */ = {isa = PBXFileReference; lastKnownFileType = sourcecode.swift; path = Persistence.swift; sourceTree = "<group>"; };
		C25907E02A9283960034CD22 /* FlashCards.xcdatamodel */ = {isa = PBXFileReference; lastKnownFileType = wrapper.xcdatamodel; path = FlashCards.xcdatamodel; sourceTree = "<group>"; };
		C25907E22A9283960034CD22 /* ContentView.swift */ = {isa = PBXFileReference; lastKnownFileType = sourcecode.swift; path = ContentView.swift; sourceTree = "<group>"; };
		C25907E42A9283980034CD22 /* Assets.xcassets */ = {isa = PBXFileReference; lastKnownFileType = folder.assetcatalog; path = Assets.xcassets; sourceTree = "<group>"; };
		C25907E62A9283980034CD22 /* AceIt.entitlements */ = {isa = PBXFileReference; lastKnownFileType = text.plist.entitlements; path = AceIt.entitlements; sourceTree = "<group>"; };
		C25907E82A9283980034CD22 /* Preview Assets.xcassets */ = {isa = PBXFileReference; lastKnownFileType = folder.assetcatalog; path = "Preview Assets.xcassets"; sourceTree = "<group>"; };
		C25907EF2A9284080034CD22 /* CustomDataTypes.swift */ = {isa = PBXFileReference; lastKnownFileType = sourcecode.swift; path = CustomDataTypes.swift; sourceTree = "<group>"; };
		C25907F22A928CA70034CD22 /* OpenAI.swift */ = {isa = PBXFileReference; lastKnownFileType = sourcecode.swift; path = OpenAI.swift; sourceTree = "<group>"; };
		C2790C5A2AC274ED00C37DE8 /* AceIt.xcdatamodel */ = {isa = PBXFileReference; lastKnownFileType = wrapper.xcdatamodel; path = AceIt.xcdatamodel; sourceTree = "<group>"; };
		C2E08FA22AB28DEE0014AE7C /* AppState.swift */ = {isa = PBXFileReference; lastKnownFileType = sourcecode.swift; path = AppState.swift; sourceTree = "<group>"; };
		C2E08FA42AB28E6D0014AE7C /* MainMenu.swift */ = {isa = PBXFileReference; lastKnownFileType = sourcecode.swift; path = MainMenu.swift; sourceTree = "<group>"; };
		C2E08FA62AB28FFF0014AE7C /* MyStacks.swift */ = {isa = PBXFileReference; lastKnownFileType = sourcecode.swift; path = MyStacks.swift; sourceTree = "<group>"; };
		C2E08FAB2AB292B00014AE7C /* AutoGenStack.swift */ = {isa = PBXFileReference; lastKnownFileType = sourcecode.swift; path = AutoGenStack.swift; sourceTree = "<group>"; };
		C2E08FB02AB3D58E0014AE7C /* FlashCardListView.swift */ = {isa = PBXFileReference; lastKnownFileType = sourcecode.swift; path = FlashCardListView.swift; sourceTree = "<group>"; };
		C2E08FB32AB3DAB70014AE7C /* AlertViewMod.swift */ = {isa = PBXFileReference; lastKnownFileType = sourcecode.swift; path = AlertViewMod.swift; sourceTree = "<group>"; };
		C2E6D7AC2ABBD0B000508726 /* CreateCard.swift */ = {isa = PBXFileReference; lastKnownFileType = sourcecode.swift; path = CreateCard.swift; sourceTree = "<group>"; };
/* End PBXFileReference section */

/* Begin PBXFrameworksBuildPhase section */
		C25907D52A9283960034CD22 /* Frameworks */ = {
			isa = PBXFrameworksBuildPhase;
			buildActionMask = 2147483647;
			files = (
			);
			runOnlyForDeploymentPostprocessing = 0;
		};
/* End PBXFrameworksBuildPhase section */

/* Begin PBXGroup section */
		C25907CF2A9283960034CD22 = {
			isa = PBXGroup;
			children = (
				C243AD982ABA7F44008D695D /* SpeechToText.swift */,
				C243AD962ABA60A8008D695D /* CardCategory+CoreDataProperties.swift */,
				C227B1E62AB2825600F6A967 /* FlashCard+CoreDataClass.swift */,
				C227B1E72AB2825600F6A967 /* FlashCard+CoreDataProperties.swift */,
				C25907DA2A9283960034CD22 /* AceIt */,
				C25907D92A9283960034CD22 /* Products */,
			);
			sourceTree = "<group>";
		};
		C25907D92A9283960034CD22 /* Products */ = {
			isa = PBXGroup;
			children = (
				C25907D82A9283960034CD22 /* AceIt.app */,
			);
			name = Products;
			sourceTree = "<group>";
		};
		C25907DA2A9283960034CD22 /* AceIt */ = {
			isa = PBXGroup;
			children = (
				C25907DB2A9283960034CD22 /* AceItApp.swift */,
				C25907DD2A9283960034CD22 /* Persistence.swift */,
				C25907E22A9283960034CD22 /* ContentView.swift */,
				C25907E42A9283980034CD22 /* Assets.xcassets */,
				C25907E62A9283980034CD22 /* AceIt.entitlements */,
				C25907DF2A9283960034CD22 /* AceIt.xcdatamodeld */,
				C25907E72A9283980034CD22 /* Preview Content */,
				C25907EF2A9284080034CD22 /* CustomDataTypes.swift */,
				C25907F22A928CA70034CD22 /* OpenAI.swift */,
				C2E08FA22AB28DEE0014AE7C /* AppState.swift */,
				C2E08FA42AB28E6D0014AE7C /* MainMenu.swift */,
				C2E6D7AC2ABBD0B000508726 /* CreateCard.swift */,
				C2E08FAB2AB292B00014AE7C /* AutoGenStack.swift */,
				C2E08FA62AB28FFF0014AE7C /* MyStacks.swift */,
				C2E08FB32AB3DAB70014AE7C /* AlertViewMod.swift */,
				C2E08FB02AB3D58E0014AE7C /* FlashCardListView.swift */,
			);
			path = AceIt;
			sourceTree = "<group>";
		};
		C25907E72A9283980034CD22 /* Preview Content */ = {
			isa = PBXGroup;
			children = (
				C25907E82A9283980034CD22 /* Preview Assets.xcassets */,
			);
			path = "Preview Content";
			sourceTree = "<group>";
		};
/* End PBXGroup section */

/* Begin PBXNativeTarget section */
		C25907D72A9283960034CD22 /* AceIt */ = {
			isa = PBXNativeTarget;
			buildConfigurationList = C25907EC2A9283980034CD22 /* Build configuration list for PBXNativeTarget "AceIt" */;
			buildPhases = (
				C25907D42A9283960034CD22 /* Sources */,
				C25907D52A9283960034CD22 /* Frameworks */,
				C25907D62A9283960034CD22 /* Resources */,
			);
			buildRules = (
			);
			dependencies = (
			);
			name = AceIt;
			productName = Inflated;
			productReference = C25907D82A9283960034CD22 /* AceIt.app */;
			productType = "com.apple.product-type.application";
		};
/* End PBXNativeTarget section */

/* Begin PBXProject section */
		C25907D02A9283960034CD22 /* Project object */ = {
			isa = PBXProject;
			attributes = {
				BuildIndependentTargetsInParallel = 1;
				LastSwiftUpdateCheck = 1420;
				LastUpgradeCheck = 1420;
				TargetAttributes = {
					C25907D72A9283960034CD22 = {
						CreatedOnToolsVersion = 14.2;
					};
				};
			};
			buildConfigurationList = C25907D32A9283960034CD22 /* Build configuration list for PBXProject "AceIt" */;
			compatibilityVersion = "Xcode 14.0";
			developmentRegion = en;
			hasScannedForEncodings = 0;
			knownRegions = (
				en,
				Base,
			);
			mainGroup = C25907CF2A9283960034CD22;
			productRefGroup = C25907D92A9283960034CD22 /* Products */;
			projectDirPath = "";
			projectRoot = "";
			targets = (
				C25907D72A9283960034CD22 /* AceIt */,
			);
		};
/* End PBXProject section */

/* Begin PBXResourcesBuildPhase section */
		C25907D62A9283960034CD22 /* Resources */ = {
			isa = PBXResourcesBuildPhase;
			buildActionMask = 2147483647;
			files = (
				C25907E92A9283980034CD22 /* Preview Assets.xcassets in Resources */,
				C25907E52A9283980034CD22 /* Assets.xcassets in Resources */,
			);
			runOnlyForDeploymentPostprocessing = 0;
		};
/* End PBXResourcesBuildPhase section */

/* Begin PBXSourcesBuildPhase section */
		C25907D42A9283960034CD22 /* Sources */ = {
			isa = PBXSourcesBuildPhase;
			buildActionMask = 2147483647;
			files = (
				C25907F02A9284080034CD22 /* CustomDataTypes.swift in Sources */,
				C25907DC2A9283960034CD22 /* AceItApp.swift in Sources */,
				C2E08FA72AB28FFF0014AE7C /* MyStacks.swift in Sources */,
				C2E6D7AD2ABBD0B000508726 /* CreateCard.swift in Sources */,
				C243AD972ABA60A8008D695D /* CardCategory+CoreDataProperties.swift in Sources */,
				C25907DE2A9283960034CD22 /* Persistence.swift in Sources */,
				C243AD992ABA7F44008D695D /* SpeechToText.swift in Sources */,
				C2E08FA32AB28DEE0014AE7C /* AppState.swift in Sources */,
				C227B1E82AB2825600F6A967 /* FlashCard+CoreDataClass.swift in Sources */,
				C2E08FAC2AB292B00014AE7C /* AutoGenStack.swift in Sources */,
				C2E08FA52AB28E6D0014AE7C /* MainMenu.swift in Sources */,
				C227B1E92AB2825600F6A967 /* FlashCard+CoreDataProperties.swift in Sources */,
				C2E08FB12AB3D58E0014AE7C /* FlashCardListView.swift in Sources */,
				C25907F32A928CA70034CD22 /* OpenAI.swift in Sources */,
				C25907E32A9283960034CD22 /* ContentView.swift in Sources */,
				C2E08FB42AB3DAB70014AE7C /* AlertViewMod.swift in Sources */,
				C25907E12A9283960034CD22 /* AceIt.xcdatamodeld in Sources */,
			);
			runOnlyForDeploymentPostprocessing = 0;
		};
/* End PBXSourcesBuildPhase section */

/* Begin XCBuildConfiguration section */
		C25907EA2A9283980034CD22 /* Debug */ = {
			isa = XCBuildConfiguration;
			buildSettings = {
				ALWAYS_SEARCH_USER_PATHS = NO;
				CLANG_ANALYZER_NONNULL = YES;
				CLANG_ANALYZER_NUMBER_OBJECT_CONVERSION = YES_AGGRESSIVE;
				CLANG_CXX_LANGUAGE_STANDARD = "gnu++20";
				CLANG_ENABLE_MODULES = YES;
				CLANG_ENABLE_OBJC_ARC = YES;
				CLANG_ENABLE_OBJC_WEAK = YES;
				CLANG_WARN_BLOCK_CAPTURE_AUTORELEASING = YES;
				CLANG_WARN_BOOL_CONVERSION = YES;
				CLANG_WARN_COMMA = YES;
				CLANG_WARN_CONSTANT_CONVERSION = YES;
				CLANG_WARN_DEPRECATED_OBJC_IMPLEMENTATIONS = YES;
				CLANG_WARN_DIRECT_OBJC_ISA_USAGE = YES_ERROR;
				CLANG_WARN_DOCUMENTATION_COMMENTS = YES;
				CLANG_WARN_EMPTY_BODY = YES;
				CLANG_WARN_ENUM_CONVERSION = YES;
				CLANG_WARN_INFINITE_RECURSION = YES;
				CLANG_WARN_INT_CONVERSION = YES;
				CLANG_WARN_NON_LITERAL_NULL_CONVERSION = YES;
				CLANG_WARN_OBJC_IMPLICIT_RETAIN_SELF = YES;
				CLANG_WARN_OBJC_LITERAL_CONVERSION = YES;
				CLANG_WARN_OBJC_ROOT_CLASS = YES_ERROR;
				CLANG_WARN_QUOTED_INCLUDE_IN_FRAMEWORK_HEADER = YES;
				CLANG_WARN_RANGE_LOOP_ANALYSIS = YES;
				CLANG_WARN_STRICT_PROTOTYPES = YES;
				CLANG_WARN_SUSPICIOUS_MOVE = YES;
				CLANG_WARN_UNGUARDED_AVAILABILITY = YES_AGGRESSIVE;
				CLANG_WARN_UNREACHABLE_CODE = YES;
				CLANG_WARN__DUPLICATE_METHOD_MATCH = YES;
				COPY_PHASE_STRIP = NO;
				DEBUG_INFORMATION_FORMAT = dwarf;
				ENABLE_STRICT_OBJC_MSGSEND = YES;
				ENABLE_TESTABILITY = YES;
				GCC_C_LANGUAGE_STANDARD = gnu11;
				GCC_DYNAMIC_NO_PIC = NO;
				GCC_NO_COMMON_BLOCKS = YES;
				GCC_OPTIMIZATION_LEVEL = 0;
				GCC_PREPROCESSOR_DEFINITIONS = (
					"DEBUG=1",
					"$(inherited)",
				);
				GCC_WARN_64_TO_32_BIT_CONVERSION = YES;
				GCC_WARN_ABOUT_RETURN_TYPE = YES_ERROR;
				GCC_WARN_UNDECLARED_SELECTOR = YES;
				GCC_WARN_UNINITIALIZED_AUTOS = YES_AGGRESSIVE;
				GCC_WARN_UNUSED_FUNCTION = YES;
				GCC_WARN_UNUSED_VARIABLE = YES;
				IPHONEOS_DEPLOYMENT_TARGET = 16.2;
				MTL_ENABLE_DEBUG_INFO = INCLUDE_SOURCE;
				MTL_FAST_MATH = YES;
				ONLY_ACTIVE_ARCH = YES;
				SWIFT_ACTIVE_COMPILATION_CONDITIONS = DEBUG;
				SWIFT_OPTIMIZATION_LEVEL = "-Onone";
			};
			name = Debug;
		};
		C25907EB2A9283980034CD22 /* Release */ = {
			isa = XCBuildConfiguration;
			buildSettings = {
				ALWAYS_SEARCH_USER_PATHS = NO;
				CLANG_ANALYZER_NONNULL = YES;
				CLANG_ANALYZER_NUMBER_OBJECT_CONVERSION = YES_AGGRESSIVE;
				CLANG_CXX_LANGUAGE_STANDARD = "gnu++20";
				CLANG_ENABLE_MODULES = YES;
				CLANG_ENABLE_OBJC_ARC = YES;
				CLANG_ENABLE_OBJC_WEAK = YES;
				CLANG_WARN_BLOCK_CAPTURE_AUTORELEASING = YES;
				CLANG_WARN_BOOL_CONVERSION = YES;
				CLANG_WARN_COMMA = YES;
				CLANG_WARN_CONSTANT_CONVERSION = YES;
				CLANG_WARN_DEPRECATED_OBJC_IMPLEMENTATIONS = YES;
				CLANG_WARN_DIRECT_OBJC_ISA_USAGE = YES_ERROR;
				CLANG_WARN_DOCUMENTATION_COMMENTS = YES;
				CLANG_WARN_EMPTY_BODY = YES;
				CLANG_WARN_ENUM_CONVERSION = YES;
				CLANG_WARN_INFINITE_RECURSION = YES;
				CLANG_WARN_INT_CONVERSION = YES;
				CLANG_WARN_NON_LITERAL_NULL_CONVERSION = YES;
				CLANG_WARN_OBJC_IMPLICIT_RETAIN_SELF = YES;
				CLANG_WARN_OBJC_LITERAL_CONVERSION = YES;
				CLANG_WARN_OBJC_ROOT_CLASS = YES_ERROR;
				CLANG_WARN_QUOTED_INCLUDE_IN_FRAMEWORK_HEADER = YES;
				CLANG_WARN_RANGE_LOOP_ANALYSIS = YES;
				CLANG_WARN_STRICT_PROTOTYPES = YES;
				CLANG_WARN_SUSPICIOUS_MOVE = YES;
				CLANG_WARN_UNGUARDED_AVAILABILITY = YES_AGGRESSIVE;
				CLANG_WARN_UNREACHABLE_CODE = YES;
				CLANG_WARN__DUPLICATE_METHOD_MATCH = YES;
				COPY_PHASE_STRIP = NO;
				DEBUG_INFORMATION_FORMAT = "dwarf-with-dsym";
				ENABLE_NS_ASSERTIONS = NO;
				ENABLE_STRICT_OBJC_MSGSEND = YES;
				GCC_C_LANGUAGE_STANDARD = gnu11;
				GCC_NO_COMMON_BLOCKS = YES;
				GCC_WARN_64_TO_32_BIT_CONVERSION = YES;
				GCC_WARN_ABOUT_RETURN_TYPE = YES_ERROR;
				GCC_WARN_UNDECLARED_SELECTOR = YES;
				GCC_WARN_UNINITIALIZED_AUTOS = YES_AGGRESSIVE;
				GCC_WARN_UNUSED_FUNCTION = YES;
				GCC_WARN_UNUSED_VARIABLE = YES;
				IPHONEOS_DEPLOYMENT_TARGET = 16.2;
				MTL_ENABLE_DEBUG_INFO = NO;
				MTL_FAST_MATH = YES;
				SWIFT_COMPILATION_MODE = wholemodule;
				SWIFT_OPTIMIZATION_LEVEL = "-O";
			};
			name = Release;
		};
		C25907ED2A9283980034CD22 /* Debug */ = {
			isa = XCBuildConfiguration;
			buildSettings = {
				ASSETCATALOG_COMPILER_APPICON_NAME = AppIcon;
				ASSETCATALOG_COMPILER_GLOBAL_ACCENT_COLOR_NAME = AccentColor;
				CODE_SIGN_ENTITLEMENTS = AceIt/AceIt.entitlements;
				CODE_SIGN_STYLE = Automatic;
				CURRENT_PROJECT_VERSION = 1;
				DEVELOPMENT_ASSET_PATHS = "\"AceIt/Preview Content\"";
				DEVELOPMENT_TEAM = 9AVZUF22VY;
				ENABLE_HARDENED_RUNTIME = YES;
				ENABLE_PREVIEWS = YES;
				GENERATE_INFOPLIST_FILE = YES;
				INFOPLIST_KEY_CFBundleDisplayName = "Ace It";
				INFOPLIST_KEY_LSApplicationCategoryType = "public.app-category.trivia-games";
				"INFOPLIST_KEY_UIApplicationSceneManifest_Generation[sdk=iphoneos*]" = YES;
				"INFOPLIST_KEY_UIApplicationSceneManifest_Generation[sdk=iphonesimulator*]" = YES;
				"INFOPLIST_KEY_UIApplicationSupportsIndirectInputEvents[sdk=iphoneos*]" = YES;
				"INFOPLIST_KEY_UIApplicationSupportsIndirectInputEvents[sdk=iphonesimulator*]" = YES;
				"INFOPLIST_KEY_UILaunchScreen_Generation[sdk=iphoneos*]" = YES;
				"INFOPLIST_KEY_UILaunchScreen_Generation[sdk=iphonesimulator*]" = YES;
				"INFOPLIST_KEY_UIStatusBarStyle[sdk=iphoneos*]" = UIStatusBarStyleDefault;
				"INFOPLIST_KEY_UIStatusBarStyle[sdk=iphonesimulator*]" = UIStatusBarStyleDefault;
				INFOPLIST_KEY_UISupportedInterfaceOrientations_iPad = "UIInterfaceOrientationPortrait UIInterfaceOrientationPortraitUpsideDown UIInterfaceOrientationLandscapeLeft UIInterfaceOrientationLandscapeRight";
				INFOPLIST_KEY_UISupportedInterfaceOrientations_iPhone = "UIInterfaceOrientationPortrait UIInterfaceOrientationLandscapeLeft UIInterfaceOrientationLandscapeRight";
				IPHONEOS_DEPLOYMENT_TARGET = 16.2;
				LD_RUNPATH_SEARCH_PATHS = "@executable_path/Frameworks";
				"LD_RUNPATH_SEARCH_PATHS[sdk=macosx*]" = "@executable_path/../Frameworks";
				MACOSX_DEPLOYMENT_TARGET = 12.5;
				MARKETING_VERSION = 1.0;
				PRODUCT_BUNDLE_IDENTIFIER = "com.saloo.AceIt-2";
				PRODUCT_NAME = "$(TARGET_NAME)";
				SDKROOT = auto;
				SUPPORTED_PLATFORMS = "iphoneos iphonesimulator";
				SUPPORTS_MACCATALYST = NO;
				SUPPORTS_MAC_DESIGNED_FOR_IPHONE_IPAD = NO;
				SWIFT_EMIT_LOC_STRINGS = YES;
				SWIFT_VERSION = 5.0;
				TARGETED_DEVICE_FAMILY = "1,2";
			};
			name = Debug;
		};
		C25907EE2A9283980034CD22 /* Release */ = {
			isa = XCBuildConfiguration;
			buildSettings = {
				ASSETCATALOG_COMPILER_APPICON_NAME = AppIcon;
				ASSETCATALOG_COMPILER_GLOBAL_ACCENT_COLOR_NAME = AccentColor;
				CODE_SIGN_ENTITLEMENTS = AceIt/AceIt.entitlements;
				CODE_SIGN_STYLE = Automatic;
				CURRENT_PROJECT_VERSION = 1;
				DEVELOPMENT_ASSET_PATHS = "\"AceIt/Preview Content\"";
				DEVELOPMENT_TEAM = 9AVZUF22VY;
				ENABLE_HARDENED_RUNTIME = YES;
				ENABLE_PREVIEWS = YES;
				GENERATE_INFOPLIST_FILE = YES;
				INFOPLIST_KEY_CFBundleDisplayName = "Ace It";
				INFOPLIST_KEY_LSApplicationCategoryType = "public.app-category.trivia-games";
				"INFOPLIST_KEY_UIApplicationSceneManifest_Generation[sdk=iphoneos*]" = YES;
				"INFOPLIST_KEY_UIApplicationSceneManifest_Generation[sdk=iphonesimulator*]" = YES;
				"INFOPLIST_KEY_UIApplicationSupportsIndirectInputEvents[sdk=iphoneos*]" = YES;
				"INFOPLIST_KEY_UIApplicationSupportsIndirectInputEvents[sdk=iphonesimulator*]" = YES;
				"INFOPLIST_KEY_UILaunchScreen_Generation[sdk=iphoneos*]" = YES;
				"INFOPLIST_KEY_UILaunchScreen_Generation[sdk=iphonesimulator*]" = YES;
				"INFOPLIST_KEY_UIStatusBarStyle[sdk=iphoneos*]" = UIStatusBarStyleDefault;
				"INFOPLIST_KEY_UIStatusBarStyle[sdk=iphonesimulator*]" = UIStatusBarStyleDefault;
				INFOPLIST_KEY_UISupportedInterfaceOrientations_iPad = "UIInterfaceOrientationPortrait UIInterfaceOrientationPortraitUpsideDown UIInterfaceOrientationLandscapeLeft UIInterfaceOrientationLandscapeRight";
				INFOPLIST_KEY_UISupportedInterfaceOrientations_iPhone = "UIInterfaceOrientationPortrait UIInterfaceOrientationLandscapeLeft UIInterfaceOrientationLandscapeRight";
				IPHONEOS_DEPLOYMENT_TARGET = 16.2;
				LD_RUNPATH_SEARCH_PATHS = "@executable_path/Frameworks";
				"LD_RUNPATH_SEARCH_PATHS[sdk=macosx*]" = "@executable_path/../Frameworks";
				MACOSX_DEPLOYMENT_TARGET = 12.5;
				MARKETING_VERSION = 1.0;
				PRODUCT_BUNDLE_IDENTIFIER = "com.saloo.AceIt-2";
				PRODUCT_NAME = "$(TARGET_NAME)";
				SDKROOT = auto;
				SUPPORTED_PLATFORMS = "iphoneos iphonesimulator";
				SUPPORTS_MACCATALYST = NO;
				SUPPORTS_MAC_DESIGNED_FOR_IPHONE_IPAD = NO;
				SWIFT_EMIT_LOC_STRINGS = YES;
				SWIFT_VERSION = 5.0;
				TARGETED_DEVICE_FAMILY = "1,2";
			};
			name = Release;
		};
/* End XCBuildConfiguration section */

/* Begin XCConfigurationList section */
		C25907D32A9283960034CD22 /* Build configuration list for PBXProject "AceIt" */ = {
			isa = XCConfigurationList;
			buildConfigurations = (
				C25907EA2A9283980034CD22 /* Debug */,
				C25907EB2A9283980034CD22 /* Release */,
			);
			defaultConfigurationIsVisible = 0;
			defaultConfigurationName = Release;
		};
		C25907EC2A9283980034CD22 /* Build configuration list for PBXNativeTarget "AceIt" */ = {
			isa = XCConfigurationList;
			buildConfigurations = (
				C25907ED2A9283980034CD22 /* Debug */,
				C25907EE2A9283980034CD22 /* Release */,
			);
			defaultConfigurationIsVisible = 0;
			defaultConfigurationName = Release;
		};
/* End XCConfigurationList section */

/* Begin XCVersionGroup section */
		C25907DF2A9283960034CD22 /* AceIt.xcdatamodeld */ = {
			isa = XCVersionGroup;
			children = (
				C2790C5A2AC274ED00C37DE8 /* AceIt.xcdatamodel */,
				C25907E02A9283960034CD22 /* FlashCards.xcdatamodel */,
			);
			currentVersion = C2790C5A2AC274ED00C37DE8 /* AceIt.xcdatamodel */;
			path = AceIt.xcdatamodeld;
			sourceTree = "<group>";
			versionGroupType = wrapper.xcdatamodel;
		};
/* End XCVersionGroup section */
	};
	rootObject = C25907D02A9283960034CD22 /* Project object */;
}
